
Microsoft Visual Studio Solution File, Format Version 12.00
# Visual Studio Version 16
VisualStudioVersion = 16.0.31729.503
MinimumVisualStudioVersion = 10.0.40219.1
Project("{FAE04EC0-301F-11D3-BF4B-00C04F79EFBC}") = "Create Table Project", "Create Table Project\Create Table Project.csproj", "{FE7E4F8C-8E11-4518-8277-5C39AFD5AFBF}"
EndProject
Global
	GlobalSection(SolutionConfigurationPlatforms) = preSolution
		Debug|Any CPU = Debug|Any CPU
		Release|Any CPU = Release|Any CPU
	EndGlobalSection
	GlobalSection(ProjectConfigurationPlatforms) = postSolution
		{FE7E4F8C-8E11-4518-8277-5C39AFD5AFBF}.Debug|Any CPU.ActiveCfg = Debug|Any CPU
		{FE7E4F8C-8E11-4518-8277-5C39AFD5AFBF}.Debug|Any CPU.Build.0 = Debug|Any CPU
		{FE7E4F8C-8E11-4518-8277-5C39AFD5AFBF}.Release|Any CPU.ActiveCfg = Release|Any CPU
		{FE7E4F8C-8E11-4518-8277-5C39AFD5AFBF}.Release|Any CPU.Build.0 = Release|Any CPU
	EndGlobalSection
	GlobalSection(SolutionProperties) = preSolution
		HideSolutionNode = FALSE
	EndGlobalSection
	GlobalSection(ExtensibilityGlobals) = postSolution
		SolutionGuid = {D78CA427-1080-4716-A556-1CFBAC8A1CF0}
	EndGlobalSection
EndGlobal
